
Microsoft Visual Studio Solution File, Format Version 12.00
Project("{FAE04EC0-301F-11D3-BF4B-00C04F79EFBC}") = "Web", "Web\Web.csproj", "{A04229B7-6643-4D5A-A623-AF2B3DC43038}"
EndProject
Project("{FAE04EC0-301F-11D3-BF4B-00C04F79EFBC}") = "Domain", "Domain\Domain.csproj", "{129E7214-588A-4A70-8844-5F516554F513}"
EndProject
Project("{FAE04EC0-301F-11D3-BF4B-00C04F79EFBC}") = "Tests", "Tests\Tests.csproj", "{2576A07C-B13D-4619-BE57-882285B08AAC}"
EndProject
Project("{FAE04EC0-301F-11D3-BF4B-00C04F79EFBC}") = "WebApp", "WebApp\WebApp.csproj", "{16EEA542-6548-477F-8385-B6B6A508A4FC}"
EndProject
Global
	GlobalSection(SolutionConfigurationPlatforms) = preSolution
		Debug|Any CPU = Debug|Any CPU
		Release|Any CPU = Release|Any CPU
	EndGlobalSection
	GlobalSection(ProjectConfigurationPlatforms) = postSolution
		{A04229B7-6643-4D5A-A623-AF2B3DC43038}.Debug|Any CPU.ActiveCfg = Debug|Any CPU
		{A04229B7-6643-4D5A-A623-AF2B3DC43038}.Debug|Any CPU.Build.0 = Debug|Any CPU
		{A04229B7-6643-4D5A-A623-AF2B3DC43038}.Release|Any CPU.ActiveCfg = Release|Any CPU
		{A04229B7-6643-4D5A-A623-AF2B3DC43038}.Release|Any CPU.Build.0 = Release|Any CPU
		{129E7214-588A-4A70-8844-5F516554F513}.Debug|Any CPU.ActiveCfg = Debug|Any CPU
		{129E7214-588A-4A70-8844-5F516554F513}.Debug|Any CPU.Build.0 = Debug|Any CPU
		{129E7214-588A-4A70-8844-5F516554F513}.Release|Any CPU.ActiveCfg = Release|Any CPU
		{129E7214-588A-4A70-8844-5F516554F513}.Release|Any CPU.Build.0 = Release|Any CPU
		{2576A07C-B13D-4619-BE57-882285B08AAC}.Debug|Any CPU.ActiveCfg = Debug|Any CPU
		{2576A07C-B13D-4619-BE57-882285B08AAC}.Debug|Any CPU.Build.0 = Debug|Any CPU
		{2576A07C-B13D-4619-BE57-882285B08AAC}.Release|Any CPU.ActiveCfg = Release|Any CPU
		{2576A07C-B13D-4619-BE57-882285B08AAC}.Release|Any CPU.Build.0 = Release|Any CPU
		{16EEA542-6548-477F-8385-B6B6A508A4FC}.Debug|Any CPU.ActiveCfg = Debug|Any CPU
		{16EEA542-6548-477F-8385-B6B6A508A4FC}.Debug|Any CPU.Build.0 = Debug|Any CPU
		{16EEA542-6548-477F-8385-B6B6A508A4FC}.Release|Any CPU.ActiveCfg = Release|Any CPU
		{16EEA542-6548-477F-8385-B6B6A508A4FC}.Release|Any CPU.Build.0 = Release|Any CPU
	EndGlobalSection
EndGlobal
